<?xml version="1.0" encoding="UTF-8" standalone="yes" ?>
<CodeBlocks_project_file>
	<FileVersion major="1" minor="6" />
	<Project>
		<Option title="QROpenCVScanDll" />
		<Option pch_mode="2" />
		<Option compiler="gcc" />
		<Build>
			<Target title="Debug">
				<Option output="bin/Debug/QROpenCVScanDll" prefix_auto="1" extension_auto="1" />
				<Option object_output="obj/Debug/" />
				<Option type="3" />
				<Option compiler="gcc" />
				<Option createDefFile="1" />
				<Option createStaticLib="1" />
				<Compiler>
					<Add option="-Wall" />
					<Add option="-g" />
					<Add option="-fPIC" />
				</Compiler>
				<Linker>
					<Add library="bin/Debug/libQROpenCVScanDll.a" />
				</Linker>
			</Target>
			<Target title="Release">
				<Option output="bin/Release/QROpenCVScanDll" prefix_auto="1" extension_auto="1" />
				<Option object_output="obj/Release/" />
				<Option type="3" />
				<Option compiler="gcc" />
				<Option createDefFile="1" />
				<Option createStaticLib="1" />
				<Compiler>
					<Add option="-O2" />
					<Add option="-Wall" />
					<Add option="-DBUILD_DLL" />
				</Compiler>
				<Linker>
					<Add option="-s" />
				</Linker>
			</Target>
		</Build>
		<Compiler>
			<Add option="-fPIC" />
			<Add directory="/home/james/Documents/ComputerProjects/QRCodeScanner/QROpenCVScanDll/" />
			<Add directory="../QROpenCVScanDll" />
			<Add directory="/usr/local/include/opencv4/" />
		</Compiler>
		<Linker>
			<Add library="/home/james/opencv/build/lib/libopencv_aruco.so" />
			<Add library="/home/james/opencv/build/lib/libopencv_barcode.so" />
			<Add library="/home/james/opencv/build/lib/libopencv_bgsegm.so" />
			<Add library="/home/james/opencv/build/lib/libopencv_bioinspired.so" />
			<Add library="/home/james/opencv/build/lib/libopencv_calib3d.so" />
			<Add library="/home/james/opencv/build/lib/libopencv_ccalib.so" />
			<Add library="/home/james/opencv/build/lib/libopencv_core.so" />
			<Add library="/home/james/opencv/build/lib/libopencv_datasets.so" />
			<Add library="/home/james/opencv/build/lib/libopencv_dnn.so" />
			<Add library="/home/james/opencv/build/lib/libopencv_dnn_objdetect.so" />
			<Add library="/home/james/opencv/build/lib/libopencv_dnn_superres.so" />
			<Add library="/home/james/opencv/build/lib/libopencv_dpm.so" />
			<Add library="/home/james/opencv/build/lib/libopencv_face.so" />
			<Add library="/home/james/opencv/build/lib/libopencv_features2d.so" />
			<Add library="/home/james/opencv/build/lib/libopencv_flann.so" />
			<Add library="/home/james/opencv/build/lib/libopencv_fuzzy.so" />
			<Add library="/home/james/opencv/build/lib/libopencv_gapi.so" />
			<Add library="/home/james/opencv/build/lib/libopencv_hfs.so" />
			<Add library="/home/james/opencv/build/lib/libopencv_highgui.so" />
			<Add library="/home/james/opencv/build/lib/libopencv_img_hash.so" />
			<Add library="/home/james/opencv/build/lib/libopencv_imgcodecs.so" />
			<Add library="/home/james/opencv/build/lib/libopencv_imgproc.so" />
			<Add library="/home/james/opencv/build/lib/libopencv_intensity_transform.so" />
			<Add library="/home/james/opencv/build/lib/libopencv_line_descriptor.so" />
			<Add library="/home/james/opencv/build/lib/libopencv_mcc.so" />
			<Add library="/home/james/opencv/build/lib/libopencv_ml.so" />
			<Add library="/home/james/opencv/build/lib/libopencv_objdetect.so" />
			<Add library="/home/james/opencv/build/lib/libopencv_optflow.so" />
			<Add library="/home/james/opencv/build/lib/libopencv_phase_unwrapping.so" />
			<Add library="/home/james/opencv/build/lib/libopencv_photo.so" />
			<Add library="/home/james/opencv/build/lib/libopencv_plot.so" />
			<Add library="/home/james/opencv/build/lib/libopencv_quality.so" />
			<Add library="/home/james/opencv/build/lib/libopencv_rapid.so" />
			<Add library="/home/james/opencv/build/lib/libopencv_reg.so" />
			<Add library="/home/james/opencv/build/lib/libopencv_rgbd.so" />
			<Add library="/home/james/opencv/build/lib/libopencv_saliency.so" />
			<Add library="/home/james/opencv/build/lib/libopencv_shape.so" />
			<Add library="/home/james/opencv/build/lib/libopencv_stereo.so" />
			<Add library="/home/james/opencv/build/lib/libopencv_stitching.so" />
			<Add library="/home/james/opencv/build/lib/libopencv_structured_light.so" />
			<Add library="/home/james/opencv/build/lib/libopencv_superres.so" />
			<Add library="/home/james/opencv/build/lib/libopencv_surface_matching.so" />
			<Add library="/home/james/opencv/build/lib/libopencv_text.so" />
			<Add library="/home/james/opencv/build/lib/libopencv_tracking.so" />
			<Add library="/home/james/opencv/build/lib/libopencv_ts.a" />
			<Add library="/home/james/opencv/build/lib/libopencv_video.so" />
			<Add library="/home/james/opencv/build/lib/libopencv_videoio.so" />
			<Add library="/home/james/opencv/build/lib/libopencv_videostab.so" />
			<Add library="/home/james/opencv/build/lib/libopencv_wechat_qrcode.so" />
			<Add library="/home/james/opencv/build/lib/libopencv_xfeatures2d.so" />
			<Add library="/home/james/opencv/build/lib/libopencv_ximgproc.so" />
			<Add library="/home/james/opencv/build/lib/libopencv_xobjdetect.so" />
			<Add library="/home/james/opencv/build/lib/libopencv_xphoto.so" />
		</Linker>
		<Unit filename="ImageReaderSource.cpp" />
		<Unit filename="ImageReaderSource.h" />
		<Unit filename="bigint/BigInteger.cc" />
		<Unit filename="bigint/BigInteger.hh" />
		<Unit filename="bigint/BigIntegerAlgorithms.cc" />
		<Unit filename="bigint/BigIntegerAlgorithms.hh" />
		<Unit filename="bigint/BigIntegerLibrary.hh" />
		<Unit filename="bigint/BigIntegerUtils.cc" />
		<Unit filename="bigint/BigIntegerUtils.hh" />
		<Unit filename="bigint/BigUnsigned.cc" />
		<Unit filename="bigint/BigUnsigned.hh" />
		<Unit filename="bigint/BigUnsignedInABase.cc" />
		<Unit filename="bigint/BigUnsignedInABase.hh" />
		<Unit filename="bigint/NumberlikeArray.hh" />
		<Unit filename="jpgd.cpp" />
		<Unit filename="jpgd.h" />
		<Unit filename="lodepng.cpp" />
		<Unit filename="lodepng.h" />
		<Unit filename="main.cpp" />
		<Unit filename="main.h" />
		<Unit filename="zxing/BarcodeFormat.cpp" />
		<Unit filename="zxing/BarcodeFormat.h" />
		<Unit filename="zxing/Binarizer.cpp" />
		<Unit filename="zxing/Binarizer.h" />
		<Unit filename="zxing/BinaryBitmap.cpp" />
		<Unit filename="zxing/BinaryBitmap.h" />
		<Unit filename="zxing/ChecksumException.cpp" />
		<Unit filename="zxing/ChecksumException.h" />
		<Unit filename="zxing/DecodeHints.cpp" />
		<Unit filename="zxing/DecodeHints.h" />
		<Unit filename="zxing/Exception.cpp" />
		<Unit filename="zxing/Exception.h" />
		<Unit filename="zxing/FormatException.cpp" />
		<Unit filename="zxing/FormatException.h" />
		<Unit filename="zxing/IllegalStateException.h" />
		<Unit filename="zxing/InvertedLuminanceSource.cpp" />
		<Unit filename="zxing/InvertedLuminanceSource.h" />
		<Unit filename="zxing/LuminanceSource.cpp" />
		<Unit filename="zxing/LuminanceSource.h" />
		<Unit filename="zxing/MatSource.cpp" />
		<Unit filename="zxing/MatSource.h" />
		<Unit filename="zxing/MultiFormatReader.cpp" />
		<Unit filename="zxing/MultiFormatReader.h" />
		<Unit filename="zxing/NotFoundException.h" />
		<Unit filename="zxing/Reader.cpp" />
		<Unit filename="zxing/Reader.h" />
		<Unit filename="zxing/ReaderException.h" />
		<Unit filename="zxing/Result.cpp" />
		<Unit filename="zxing/Result.h" />
		<Unit filename="zxing/ResultIO.cpp" />
		<Unit filename="zxing/ResultPoint.cpp" />
		<Unit filename="zxing/ResultPoint.h" />
		<Unit filename="zxing/ResultPointCallback.cpp" />
		<Unit filename="zxing/ResultPointCallback.h" />
		<Unit filename="zxing/ZXing.h" />
		<Unit filename="zxing/aztec/AztecDetectorResult.cpp" />
		<Unit filename="zxing/aztec/AztecDetectorResult.h" />
		<Unit filename="zxing/aztec/AztecReader.cpp" />
		<Unit filename="zxing/aztec/AztecReader.h" />
		<Unit filename="zxing/aztec/decoder/Decoder.cpp" />
		<Unit filename="zxing/aztec/decoder/Decoder.h" />
		<Unit filename="zxing/aztec/detector/Detector.cpp" />
		<Unit filename="zxing/aztec/detector/Detector.h" />
		<Unit filename="zxing/common/Array.h" />
		<Unit filename="zxing/common/BitArray.cpp" />
		<Unit filename="zxing/common/BitArray.h" />
		<Unit filename="zxing/common/BitArrayIO.cpp" />
		<Unit filename="zxing/common/BitMatrix.cpp" />
		<Unit filename="zxing/common/BitMatrix.h" />
		<Unit filename="zxing/common/BitSource.cpp" />
		<Unit filename="zxing/common/BitSource.h" />
		<Unit filename="zxing/common/CharacterSetECI.cpp" />
		<Unit filename="zxing/common/CharacterSetECI.h" />
		<Unit filename="zxing/common/Counted.h" />
		<Unit filename="zxing/common/DecoderResult.cpp" />
		<Unit filename="zxing/common/DecoderResult.h" />
		<Unit filename="zxing/common/DetectorResult.cpp" />
		<Unit filename="zxing/common/DetectorResult.h" />
		<Unit filename="zxing/common/GlobalHistogramBinarizer.cpp" />
		<Unit filename="zxing/common/GlobalHistogramBinarizer.h" />
		<Unit filename="zxing/common/GreyscaleLuminanceSource.cpp" />
		<Unit filename="zxing/common/GreyscaleLuminanceSource.h" />
		<Unit filename="zxing/common/GreyscaleRotatedLuminanceSource.cpp" />
		<Unit filename="zxing/common/GreyscaleRotatedLuminanceSource.h" />
		<Unit filename="zxing/common/GridSampler.cpp" />
		<Unit filename="zxing/common/GridSampler.h" />
		<Unit filename="zxing/common/HybridBinarizer.cpp" />
		<Unit filename="zxing/common/HybridBinarizer.h" />
		<Unit filename="zxing/common/IllegalArgumentException.cpp" />
		<Unit filename="zxing/common/IllegalArgumentException.h" />
		<Unit filename="zxing/common/PerspectiveTransform.cpp" />
		<Unit filename="zxing/common/PerspectiveTransform.h" />
		<Unit filename="zxing/common/Point.h" />
		<Unit filename="zxing/common/Str.cpp" />
		<Unit filename="zxing/common/Str.h" />
		<Unit filename="zxing/common/StringUtils.cpp" />
		<Unit filename="zxing/common/StringUtils.h" />
		<Unit filename="zxing/common/detector/JavaMath.h" />
		<Unit filename="zxing/common/detector/MathUtils.h" />
		<Unit filename="zxing/common/detector/MonochromeRectangleDetector.cpp" />
		<Unit filename="zxing/common/detector/MonochromeRectangleDetector.h" />
		<Unit filename="zxing/common/detector/WhiteRectangleDetector.cpp" />
		<Unit filename="zxing/common/detector/WhiteRectangleDetector.h" />
		<Unit filename="zxing/common/reedsolomon/GenericGF.cpp" />
		<Unit filename="zxing/common/reedsolomon/GenericGF.h" />
		<Unit filename="zxing/common/reedsolomon/GenericGFPoly.cpp" />
		<Unit filename="zxing/common/reedsolomon/GenericGFPoly.h" />
		<Unit filename="zxing/common/reedsolomon/ReedSolomonDecoder.cpp" />
		<Unit filename="zxing/common/reedsolomon/ReedSolomonDecoder.h" />
		<Unit filename="zxing/common/reedsolomon/ReedSolomonException.cpp" />
		<Unit filename="zxing/common/reedsolomon/ReedSolomonException.h" />
		<Unit filename="zxing/datamatrix/DataMatrixReader.cpp" />
		<Unit filename="zxing/datamatrix/DataMatrixReader.h" />
		<Unit filename="zxing/datamatrix/Version.cpp" />
		<Unit filename="zxing/datamatrix/Version.h" />
		<Unit filename="zxing/datamatrix/decoder/BitMatrixParser.cpp" />
		<Unit filename="zxing/datamatrix/decoder/BitMatrixParser.h" />
		<Unit filename="zxing/datamatrix/decoder/DataBlock.cpp" />
		<Unit filename="zxing/datamatrix/decoder/DataBlock.h" />
		<Unit filename="zxing/datamatrix/decoder/DecodedBitStreamParser.cpp" />
		<Unit filename="zxing/datamatrix/decoder/DecodedBitStreamParser.h" />
		<Unit filename="zxing/datamatrix/decoder/Decoder.cpp" />
		<Unit filename="zxing/datamatrix/decoder/Decoder.h" />
		<Unit filename="zxing/datamatrix/detector/CornerPoint.cpp" />
		<Unit filename="zxing/datamatrix/detector/CornerPoint.h" />
		<Unit filename="zxing/datamatrix/detector/Detector.cpp" />
		<Unit filename="zxing/datamatrix/detector/Detector.h" />
		<Unit filename="zxing/datamatrix/detector/DetectorException.cpp" />
		<Unit filename="zxing/datamatrix/detector/DetectorException.h" />
		<Unit filename="zxing/multi/ByQuadrantReader.cpp" />
		<Unit filename="zxing/multi/ByQuadrantReader.h" />
		<Unit filename="zxing/multi/GenericMultipleBarcodeReader.cpp" />
		<Unit filename="zxing/multi/GenericMultipleBarcodeReader.h" />
		<Unit filename="zxing/multi/MultipleBarcodeReader.cpp" />
		<Unit filename="zxing/multi/MultipleBarcodeReader.h" />
		<Unit filename="zxing/multi/qrcode/QRCodeMultiReader.cpp" />
		<Unit filename="zxing/multi/qrcode/QRCodeMultiReader.h" />
		<Unit filename="zxing/multi/qrcode/detector/MultiDetector.cpp" />
		<Unit filename="zxing/multi/qrcode/detector/MultiDetector.h" />
		<Unit filename="zxing/multi/qrcode/detector/MultiFinderPatternFinder.cpp" />
		<Unit filename="zxing/multi/qrcode/detector/MultiFinderPatternFinder.h" />
		<Unit filename="zxing/oned/CodaBarReader.cpp" />
		<Unit filename="zxing/oned/CodaBarReader.h" />
		<Unit filename="zxing/oned/Code128Reader.cpp" />
		<Unit filename="zxing/oned/Code128Reader.h" />
		<Unit filename="zxing/oned/Code39Reader.cpp" />
		<Unit filename="zxing/oned/Code39Reader.h" />
		<Unit filename="zxing/oned/Code93Reader.cpp" />
		<Unit filename="zxing/oned/Code93Reader.h" />
		<Unit filename="zxing/oned/EAN13Reader.cpp" />
		<Unit filename="zxing/oned/EAN13Reader.h" />
		<Unit filename="zxing/oned/EAN8Reader.cpp" />
		<Unit filename="zxing/oned/EAN8Reader.h" />
		<Unit filename="zxing/oned/ITFReader.cpp" />
		<Unit filename="zxing/oned/ITFReader.h" />
		<Unit filename="zxing/oned/MultiFormatOneDReader.cpp" />
		<Unit filename="zxing/oned/MultiFormatOneDReader.h" />
		<Unit filename="zxing/oned/MultiFormatUPCEANReader.cpp" />
		<Unit filename="zxing/oned/MultiFormatUPCEANReader.h" />
		<Unit filename="zxing/oned/OneDReader.cpp" />
		<Unit filename="zxing/oned/OneDReader.h" />
		<Unit filename="zxing/oned/OneDResultPoint.cpp" />
		<Unit filename="zxing/oned/OneDResultPoint.h" />
		<Unit filename="zxing/oned/UPCAReader.cpp" />
		<Unit filename="zxing/oned/UPCAReader.h" />
		<Unit filename="zxing/oned/UPCEANReader.cpp" />
		<Unit filename="zxing/oned/UPCEANReader.h" />
		<Unit filename="zxing/oned/UPCEReader.cpp" />
		<Unit filename="zxing/oned/UPCEReader.h" />
		<Unit filename="zxing/pdf417/PDF417Reader.cpp" />
		<Unit filename="zxing/pdf417/PDF417Reader.h" />
		<Unit filename="zxing/pdf417/decoder/BitMatrixParser.cpp" />
		<Unit filename="zxing/pdf417/decoder/BitMatrixParser.h" />
		<Unit filename="zxing/pdf417/decoder/DecodedBitStreamParser.cpp" />
		<Unit filename="zxing/pdf417/decoder/DecodedBitStreamParser.h" />
		<Unit filename="zxing/pdf417/decoder/Decoder.cpp" />
		<Unit filename="zxing/pdf417/decoder/Decoder.h" />
		<Unit filename="zxing/pdf417/decoder/ec/ErrorCorrection.cpp" />
		<Unit filename="zxing/pdf417/decoder/ec/ErrorCorrection.h" />
		<Unit filename="zxing/pdf417/decoder/ec/ModulusGF.cpp" />
		<Unit filename="zxing/pdf417/decoder/ec/ModulusGF.h" />
		<Unit filename="zxing/pdf417/decoder/ec/ModulusPoly.cpp" />
		<Unit filename="zxing/pdf417/decoder/ec/ModulusPoly.h" />
		<Unit filename="zxing/pdf417/detector/Detector.cpp" />
		<Unit filename="zxing/pdf417/detector/Detector.h" />
		<Unit filename="zxing/pdf417/detector/LinesSampler.cpp" />
		<Unit filename="zxing/pdf417/detector/LinesSampler.h" />
		<Unit filename="zxing/qrcode/ErrorCorrectionLevel.cpp" />
		<Unit filename="zxing/qrcode/ErrorCorrectionLevel.h" />
		<Unit filename="zxing/qrcode/FormatInformation.cpp" />
		<Unit filename="zxing/qrcode/FormatInformation.h" />
		<Unit filename="zxing/qrcode/QRCodeReader.cpp" />
		<Unit filename="zxing/qrcode/QRCodeReader.h" />
		<Unit filename="zxing/qrcode/Version.cpp" />
		<Unit filename="zxing/qrcode/Version.h" />
		<Unit filename="zxing/qrcode/decoder/BitMatrixParser.cpp" />
		<Unit filename="zxing/qrcode/decoder/BitMatrixParser.h" />
		<Unit filename="zxing/qrcode/decoder/DataBlock.cpp" />
		<Unit filename="zxing/qrcode/decoder/DataBlock.h" />
		<Unit filename="zxing/qrcode/decoder/DataMask.cpp" />
		<Unit filename="zxing/qrcode/decoder/DataMask.h" />
		<Unit filename="zxing/qrcode/decoder/DecodedBitStreamParser.cpp" />
		<Unit filename="zxing/qrcode/decoder/DecodedBitStreamParser.h" />
		<Unit filename="zxing/qrcode/decoder/Decoder.cpp" />
		<Unit filename="zxing/qrcode/decoder/Decoder.h" />
		<Unit filename="zxing/qrcode/decoder/Mode.cpp" />
		<Unit filename="zxing/qrcode/decoder/Mode.h" />
		<Unit filename="zxing/qrcode/detector/AlignmentPattern.cpp" />
		<Unit filename="zxing/qrcode/detector/AlignmentPattern.h" />
		<Unit filename="zxing/qrcode/detector/AlignmentPatternFinder.cpp" />
		<Unit filename="zxing/qrcode/detector/AlignmentPatternFinder.h" />
		<Unit filename="zxing/qrcode/detector/Detector.cpp" />
		<Unit filename="zxing/qrcode/detector/Detector.h" />
		<Unit filename="zxing/qrcode/detector/FinderPattern.cpp" />
		<Unit filename="zxing/qrcode/detector/FinderPattern.h" />
		<Unit filename="zxing/qrcode/detector/FinderPatternFinder.cpp" />
		<Unit filename="zxing/qrcode/detector/FinderPatternFinder.h" />
		<Unit filename="zxing/qrcode/detector/FinderPatternInfo.cpp" />
		<Unit filename="zxing/qrcode/detector/FinderPatternInfo.h" />
		<Extensions>
			<lib_finder disable_auto="1" />
		</Extensions>
	</Project>
</CodeBlocks_project_file>
